
Microsoft Visual Studio Solution File, Format Version 12.00
# Visual Studio Version 16
VisualStudioVersion = 16.0.31729.503
MinimumVisualStudioVersion = 10.0.40219.1
Project("{FAE04EC0-301F-11D3-BF4B-00C04F79EFBC}") = "Snake", "Snake\Snake.csproj", "{39C60513-ECA2-4310-9F62-62F8CACFE5FD}"
EndProject
Global
	GlobalSection(SolutionConfigurationPlatforms) = preSolution
		Debug|Any CPU = Debug|Any CPU
		Release|Any CPU = Release|Any CPU
	EndGlobalSection
	GlobalSection(ProjectConfigurationPlatforms) = postSolution
		{39C60513-ECA2-4310-9F62-62F8CACFE5FD}.Debug|Any CPU.ActiveCfg = Debug|Any CPU
		{39C60513-ECA2-4310-9F62-62F8CACFE5FD}.Debug|Any CPU.Build.0 = Debug|Any CPU
		{39C60513-ECA2-4310-9F62-62F8CACFE5FD}.Release|Any CPU.ActiveCfg = Release|Any CPU
		{39C60513-ECA2-4310-9F62-62F8CACFE5FD}.Release|Any CPU.Build.0 = Release|Any CPU
	EndGlobalSection
	GlobalSection(SolutionProperties) = preSolution
		HideSolutionNode = FALSE
	EndGlobalSection
	GlobalSection(ExtensibilityGlobals) = postSolution
		SolutionGuid = {4A59A9C4-346B-4C83-8306-229BD19801DB}
	EndGlobalSection
EndGlobal
